
Microsoft Visual Studio Solution File, Format Version 12.00
# Visual Studio Version 17
VisualStudioVersion = 17.5.2.0
MinimumVisualStudioVersion = 10.0.40219.1
Project("{FAE04EC0-301F-11D3-BF4B-00C04F79EFBC}") = "dev-share-api", "dev-share-api\dev-share-api.csproj", "{C7784664-CD1C-6EF7-2DA4-28A231543918}"
EndProject
Project("{FAE04EC0-301F-11D3-BF4B-00C04F79EFBC}") = "dev-share-api.Tests", "dev-share-api.Tests\dev-share-api.Tests.csproj", "{7829D987-7C9F-4A40-88FA-35C9E995E424}"
EndProject
Global
	GlobalSection(SolutionConfigurationPlatforms) = preSolution
		Debug|Any CPU = Debug|Any CPU
		Debug|x64 = Debug|x64
		Debug|x86 = Debug|x86
		Release|Any CPU = Release|Any CPU
		Release|x64 = Release|x64
		Release|x86 = Release|x86
	EndGlobalSection
	GlobalSection(ProjectConfigurationPlatforms) = postSolution
		{C7784664-CD1C-6EF7-2DA4-28A231543918}.Debug|Any CPU.ActiveCfg = Debug|Any CPU
		{C7784664-CD1C-6EF7-2DA4-28A231543918}.Debug|Any CPU.Build.0 = Debug|Any CPU
		{C7784664-CD1C-6EF7-2DA4-28A231543918}.Debug|x64.ActiveCfg = Debug|Any CPU
		{C7784664-CD1C-6EF7-2DA4-28A231543918}.Debug|x64.Build.0 = Debug|Any CPU
		{C7784664-CD1C-6EF7-2DA4-28A231543918}.Debug|x86.ActiveCfg = Debug|Any CPU
		{C7784664-CD1C-6EF7-2DA4-28A231543918}.Debug|x86.Build.0 = Debug|Any CPU
		{C7784664-CD1C-6EF7-2DA4-28A231543918}.Release|Any CPU.ActiveCfg = Release|Any CPU
		{C7784664-CD1C-6EF7-2DA4-28A231543918}.Release|Any CPU.Build.0 = Release|Any CPU
		{C7784664-CD1C-6EF7-2DA4-28A231543918}.Release|x64.ActiveCfg = Release|Any CPU
		{C7784664-CD1C-6EF7-2DA4-28A231543918}.Release|x64.Build.0 = Release|Any CPU
		{C7784664-CD1C-6EF7-2DA4-28A231543918}.Release|x86.ActiveCfg = Release|Any CPU
		{C7784664-CD1C-6EF7-2DA4-28A231543918}.Release|x86.Build.0 = Release|Any CPU
		{7829D987-7C9F-4A40-88FA-35C9E995E424}.Debug|Any CPU.ActiveCfg = Debug|Any CPU
		{7829D987-7C9F-4A40-88FA-35C9E995E424}.Debug|Any CPU.Build.0 = Debug|Any CPU
		{7829D987-7C9F-4A40-88FA-35C9E995E424}.Debug|x64.ActiveCfg = Debug|Any CPU
		{7829D987-7C9F-4A40-88FA-35C9E995E424}.Debug|x64.Build.0 = Debug|Any CPU
		{7829D987-7C9F-4A40-88FA-35C9E995E424}.Debug|x86.ActiveCfg = Debug|Any CPU
		{7829D987-7C9F-4A40-88FA-35C9E995E424}.Debug|x86.Build.0 = Debug|Any CPU
		{7829D987-7C9F-4A40-88FA-35C9E995E424}.Release|Any CPU.ActiveCfg = Release|Any CPU
		{7829D987-7C9F-4A40-88FA-35C9E995E424}.Release|Any CPU.Build.0 = Release|Any CPU
		{7829D987-7C9F-4A40-88FA-35C9E995E424}.Release|x64.ActiveCfg = Release|Any CPU
		{7829D987-7C9F-4A40-88FA-35C9E995E424}.Release|x64.Build.0 = Release|Any CPU
		{7829D987-7C9F-4A40-88FA-35C9E995E424}.Release|x86.ActiveCfg = Release|Any CPU
		{7829D987-7C9F-4A40-88FA-35C9E995E424}.Release|x86.Build.0 = Release|Any CPU
	EndGlobalSection
	GlobalSection(SolutionProperties) = preSolution
		HideSolutionNode = FALSE
	EndGlobalSection
	GlobalSection(ExtensibilityGlobals) = postSolution
		SolutionGuid = {3905A144-6145-4480-8B53-E1A0CE439C33}
	EndGlobalSection
EndGlobal
